// !$*UTF8*$!
{
	archiveVersion = 1;
	classes = {
	};
	objectVersion = 50;
	objects = {

/* Begin PBXBuildFile section */
		9A6684E72695D355003629C3 /* AppDelegate.swift in Sources */ = {isa = PBXBuildFile; fileRef = 9A6684E62695D355003629C3 /* AppDelegate.swift */; };
		9A6684E92695D355003629C3 /* SceneDelegate.swift in Sources */ = {isa = PBXBuildFile; fileRef = 9A6684E82695D355003629C3 /* SceneDelegate.swift */; };
		9A6684F32695D355003629C3 /* Assets.xcassets in Resources */ = {isa = PBXBuildFile; fileRef = 9A6684F22695D355003629C3 /* Assets.xcassets */; };
		9A6684F62695D355003629C3 /* LaunchScreen.storyboard in Resources */ = {isa = PBXBuildFile; fileRef = 9A6684F42695D355003629C3 /* LaunchScreen.storyboard */; };
		9A66853326965643003629C3 /* AppCoordinator.swift in Sources */ = {isa = PBXBuildFile; fileRef = 9A66852F26965643003629C3 /* AppCoordinator.swift */; };
		9A66853426965643003629C3 /* CoordinatorDelegate.swift in Sources */ = {isa = PBXBuildFile; fileRef = 9A66853026965643003629C3 /* CoordinatorDelegate.swift */; };
		9A66853526965643003629C3 /* CoordinatorProtocol.swift in Sources */ = {isa = PBXBuildFile; fileRef = 9A66853126965643003629C3 /* CoordinatorProtocol.swift */; };
		9A66853626965643003629C3 /* Storyboarded.swift in Sources */ = {isa = PBXBuildFile; fileRef = 9A66853226965643003629C3 /* Storyboarded.swift */; };
		9A66853D269658A2003629C3 /* TabBarController.storyboard in Resources */ = {isa = PBXBuildFile; fileRef = 9A66853C269658A2003629C3 /* TabBarController.storyboard */; };
		9A668540269658EE003629C3 /* TabBarController.swift in Sources */ = {isa = PBXBuildFile; fileRef = 9A66853F269658EE003629C3 /* TabBarController.swift */; };
		9A66854426965AA2003629C3 /* BaseViewController.swift in Sources */ = {isa = PBXBuildFile; fileRef = 9A66854326965AA2003629C3 /* BaseViewController.swift */; };
		ABBBBC07269632C900341511 /* SelectedMapViewController.swift in Sources */ = {isa = PBXBuildFile; fileRef = ABBBBC05269632C900341511 /* SelectedMapViewController.swift */; };
		ABBBBC08269632C900341511 /* SelectedMapViewController.storyboard in Resources */ = {isa = PBXBuildFile; fileRef = ABBBBC06269632C900341511 /* SelectedMapViewController.storyboard */; };
		ABBBBC0C269632F700341511 /* SelectedViewController.storyboard in Resources */ = {isa = PBXBuildFile; fileRef = ABBBBC0A269632F700341511 /* SelectedViewController.storyboard */; };
		ABBBBC0D269632F700341511 /* SelectedViewController.swift in Sources */ = {isa = PBXBuildFile; fileRef = ABBBBC0B269632F700341511 /* SelectedViewController.swift */; };
		ABBBBC112696330A00341511 /* SelectedTableViewCell.xib in Resources */ = {isa = PBXBuildFile; fileRef = ABBBBC0F2696330A00341511 /* SelectedTableViewCell.xib */; };
		ABBBBC122696330A00341511 /* SelectedTableViewCell.swift in Sources */ = {isa = PBXBuildFile; fileRef = ABBBBC102696330A00341511 /* SelectedTableViewCell.swift */; };
		ABBBBC142696333600341511 /* UITableViewExtentions.swift in Sources */ = {isa = PBXBuildFile; fileRef = ABBBBC132696333600341511 /* UITableViewExtentions.swift */; };
		F180BFC52695FEAB002567DE /* UserLocationViewController.storyboard in Resources */ = {isa = PBXBuildFile; fileRef = F180BFC32695FEAB002567DE /* UserLocationViewController.storyboard */; };
		F180BFC62695FEAB002567DE /* UserLocationViewController.swift in Sources */ = {isa = PBXBuildFile; fileRef = F180BFC42695FEAB002567DE /* UserLocationViewController.swift */; };
/* End PBXBuildFile section */

/* Begin PBXFileReference section */
		9A6684E32695D355003629C3 /* TeamWorkMap.app */ = {isa = PBXFileReference; explicitFileType = wrapper.application; includeInIndex = 0; path = TeamWorkMap.app; sourceTree = BUILT_PRODUCTS_DIR; };
		9A6684E62695D355003629C3 /* AppDelegate.swift */ = {isa = PBXFileReference; lastKnownFileType = sourcecode.swift; path = AppDelegate.swift; sourceTree = "<group>"; };
		9A6684E82695D355003629C3 /* SceneDelegate.swift */ = {isa = PBXFileReference; lastKnownFileType = sourcecode.swift; path = SceneDelegate.swift; sourceTree = "<group>"; };
		9A6684F22695D355003629C3 /* Assets.xcassets */ = {isa = PBXFileReference; lastKnownFileType = folder.assetcatalog; path = Assets.xcassets; sourceTree = "<group>"; };
		9A6684F52695D355003629C3 /* Base */ = {isa = PBXFileReference; lastKnownFileType = file.storyboard; name = Base; path = Base.lproj/LaunchScreen.storyboard; sourceTree = "<group>"; };
		9A6684F72695D355003629C3 /* Info.plist */ = {isa = PBXFileReference; lastKnownFileType = text.plist.xml; path = Info.plist; sourceTree = "<group>"; };
		9A66852F26965643003629C3 /* AppCoordinator.swift */ = {isa = PBXFileReference; fileEncoding = 4; lastKnownFileType = sourcecode.swift; path = AppCoordinator.swift; sourceTree = "<group>"; };
		9A66853026965643003629C3 /* CoordinatorDelegate.swift */ = {isa = PBXFileReference; fileEncoding = 4; lastKnownFileType = sourcecode.swift; path = CoordinatorDelegate.swift; sourceTree = "<group>"; };
		9A66853126965643003629C3 /* CoordinatorProtocol.swift */ = {isa = PBXFileReference; fileEncoding = 4; lastKnownFileType = sourcecode.swift; path = CoordinatorProtocol.swift; sourceTree = "<group>"; };
		9A66853226965643003629C3 /* Storyboarded.swift */ = {isa = PBXFileReference; fileEncoding = 4; lastKnownFileType = sourcecode.swift; path = Storyboarded.swift; sourceTree = "<group>"; };
		9A66853C269658A2003629C3 /* TabBarController.storyboard */ = {isa = PBXFileReference; lastKnownFileType = file.storyboard; path = TabBarController.storyboard; sourceTree = "<group>"; };
		9A66853F269658EE003629C3 /* TabBarController.swift */ = {isa = PBXFileReference; lastKnownFileType = sourcecode.swift; path = TabBarController.swift; sourceTree = "<group>"; };
		9A66854326965AA2003629C3 /* BaseViewController.swift */ = {isa = PBXFileReference; lastKnownFileType = sourcecode.swift; path = BaseViewController.swift; sourceTree = "<group>"; };
		ABBBBC05269632C900341511 /* SelectedMapViewController.swift */ = {isa = PBXFileReference; fileEncoding = 4; lastKnownFileType = sourcecode.swift; path = SelectedMapViewController.swift; sourceTree = "<group>"; };
		ABBBBC06269632C900341511 /* SelectedMapViewController.storyboard */ = {isa = PBXFileReference; fileEncoding = 4; lastKnownFileType = file.storyboard; path = SelectedMapViewController.storyboard; sourceTree = "<group>"; };
		ABBBBC0A269632F700341511 /* SelectedViewController.storyboard */ = {isa = PBXFileReference; fileEncoding = 4; lastKnownFileType = file.storyboard; path = SelectedViewController.storyboard; sourceTree = "<group>"; };
		ABBBBC0B269632F700341511 /* SelectedViewController.swift */ = {isa = PBXFileReference; fileEncoding = 4; lastKnownFileType = sourcecode.swift; path = SelectedViewController.swift; sourceTree = "<group>"; };
		ABBBBC0F2696330A00341511 /* SelectedTableViewCell.xib */ = {isa = PBXFileReference; fileEncoding = 4; lastKnownFileType = file.xib; path = SelectedTableViewCell.xib; sourceTree = "<group>"; };
		ABBBBC102696330A00341511 /* SelectedTableViewCell.swift */ = {isa = PBXFileReference; fileEncoding = 4; lastKnownFileType = sourcecode.swift; path = SelectedTableViewCell.swift; sourceTree = "<group>"; };
		ABBBBC132696333600341511 /* UITableViewExtentions.swift */ = {isa = PBXFileReference; fileEncoding = 4; lastKnownFileType = sourcecode.swift; path = UITableViewExtentions.swift; sourceTree = "<group>"; };
		F180BFC32695FEAB002567DE /* UserLocationViewController.storyboard */ = {isa = PBXFileReference; fileEncoding = 4; lastKnownFileType = file.storyboard; path = UserLocationViewController.storyboard; sourceTree = "<group>"; };
		F180BFC42695FEAB002567DE /* UserLocationViewController.swift */ = {isa = PBXFileReference; fileEncoding = 4; lastKnownFileType = sourcecode.swift; path = UserLocationViewController.swift; sourceTree = "<group>"; };
/* End PBXFileReference section */

/* Begin PBXFrameworksBuildPhase section */
		9A6684E02695D355003629C3 /* Frameworks */ = {
			isa = PBXFrameworksBuildPhase;
			buildActionMask = 2147483647;
			files = (
			);
			runOnlyForDeploymentPostprocessing = 0;
		};
/* End PBXFrameworksBuildPhase section */

/* Begin PBXGroup section */
		9A6684DA2695D355003629C3 = {
			isa = PBXGroup;
			children = (
				9A6684E52695D355003629C3 /* TeamWorkMap */,
				9A6684E42695D355003629C3 /* Products */,
			);
			sourceTree = "<group>";
		};
		9A6684E42695D355003629C3 /* Products */ = {
			isa = PBXGroup;
			children = (
				9A6684E32695D355003629C3 /* TeamWorkMap.app */,
			);
			name = Products;
			sourceTree = "<group>";
		};
		9A6684E52695D355003629C3 /* TeamWorkMap */ = {
			isa = PBXGroup;
			children = (
				9AEF7FA72696554600E1E215 /* App */,
				9AEF7FA82696555900E1E215 /* Presentation */,
				9A66852B269655BD003629C3 /* Architecture */,
				9AEF7FAC2696559300E1E215 /* Resources */,
				9A6684F42695D355003629C3 /* LaunchScreen.storyboard */,
				9A6684F72695D355003629C3 /* Info.plist */,
			);
			path = TeamWorkMap;
			sourceTree = "<group>";
		};
		9A66852B269655BD003629C3 /* Architecture */ = {
			isa = PBXGroup;
			children = (
				9A66852D269655CE003629C3 /* Managers */,
				ABBBBC152696335200341511 /* Extentions */,
				9A66852C269655C7003629C3 /* Coordinator */,
			);
			path = Architecture;
			sourceTree = "<group>";
		};
		9A66852C269655C7003629C3 /* Coordinator */ = {
			isa = PBXGroup;
			children = (
				9A66852F26965643003629C3 /* AppCoordinator.swift */,
				9A66853026965643003629C3 /* CoordinatorDelegate.swift */,
				9A66853126965643003629C3 /* CoordinatorProtocol.swift */,
				9A66853226965643003629C3 /* Storyboarded.swift */,
			);
			path = Coordinator;
			sourceTree = "<group>";
		};
		9A66852D269655CE003629C3 /* Managers */ = {
			isa = PBXGroup;
			children = (
			);
			path = Managers;
			sourceTree = "<group>";
		};
		9A66853B26965827003629C3 /* TabbarController */ = {
			isa = PBXGroup;
			children = (
				9A66853C269658A2003629C3 /* TabBarController.storyboard */,
				9A66853F269658EE003629C3 /* TabBarController.swift */,
			);
			path = TabbarController;
			sourceTree = "<group>";
		};
		9A66854226965A84003629C3 /* Base */ = {
			isa = PBXGroup;
			children = (
				9A66854326965AA2003629C3 /* BaseViewController.swift */,
			);
			path = Base;
			sourceTree = "<group>";
		};
		9AEF7FA72696554600E1E215 /* App */ = {
			isa = PBXGroup;
			children = (
				9A6684E62695D355003629C3 /* AppDelegate.swift */,
				9A6684E82695D355003629C3 /* SceneDelegate.swift */,
			);
			path = App;
			sourceTree = "<group>";
		};
		9AEF7FA82696555900E1E215 /* Presentation */ = {
			isa = PBXGroup;
			children = (
				9AEF7FA92696556200E1E215 /* Scenes */,
			);
			path = Presentation;
			sourceTree = "<group>";
		};
		9AEF7FA92696556200E1E215 /* Scenes */ = {
			isa = PBXGroup;
			children = (
				9A66853B26965827003629C3 /* TabbarController */,
				ABBBBC09269632E700341511 /* Selected Countries */,
				ABBBBC04269632BE00341511 /* Selected Map */,
				9A66854226965A84003629C3 /* Base */,
				F180BFC12695FEAB002567DE /* UserLocation */,
			);
			path = Scenes;
			sourceTree = "<group>";
		};
		9AEF7FAC2696559300E1E215 /* Resources */ = {
			isa = PBXGroup;
			children = (
				9A6684F22695D355003629C3 /* Assets.xcassets */,
			);
			path = Resources;
			sourceTree = "<group>";
		};
		AB3A4D7B2696443500DD2F28 /* SelectedCountries Cell */ = {
			isa = PBXGroup;
			children = (
				ABBBBC102696330A00341511 /* SelectedTableViewCell.swift */,
				ABBBBC0F2696330A00341511 /* SelectedTableViewCell.xib */,
			);
			path = "SelectedCountries Cell";
			sourceTree = "<group>";
		};
		ABBBBC04269632BE00341511 /* Selected Map */ = {
			isa = PBXGroup;
			children = (
				ABBBBC06269632C900341511 /* SelectedMapViewController.storyboard */,
				ABBBBC05269632C900341511 /* SelectedMapViewController.swift */,
			);
			path = "Selected Map";
			sourceTree = "<group>";
		};
		ABBBBC09269632E700341511 /* Selected Countries */ = {
			isa = PBXGroup;
			children = (
				AB3A4D7B2696443500DD2F28 /* SelectedCountries Cell */,
				ABBBBC0A269632F700341511 /* SelectedViewController.storyboard */,
				ABBBBC0B269632F700341511 /* SelectedViewController.swift */,
			);
			path = "Selected Countries";
			sourceTree = "<group>";
		};
		ABBBBC152696335200341511 /* Extentions */ = {
			isa = PBXGroup;
			children = (
				ABBBBC132696333600341511 /* UITableViewExtentions.swift */,
			);
			path = Extentions;
			sourceTree = "<group>";
		};
		F180BFC12695FEAB002567DE /* UserLocation */ = {
			isa = PBXGroup;
			children = (
				F180BFC22695FEAB002567DE /* View */,
			);
			path = UserLocation;
			sourceTree = "<group>";
		};
		F180BFC22695FEAB002567DE /* View */ = {
			isa = PBXGroup;
			children = (
				F180BFC32695FEAB002567DE /* UserLocationViewController.storyboard */,
				F180BFC42695FEAB002567DE /* UserLocationViewController.swift */,
			);
			path = View;
			sourceTree = "<group>";
		};
/* End PBXGroup section */

/* Begin PBXNativeTarget section */
		9A6684E22695D355003629C3 /* TeamWorkMap */ = {
			isa = PBXNativeTarget;
			buildConfigurationList = 9A6684FA2695D355003629C3 /* Build configuration list for PBXNativeTarget "TeamWorkMap" */;
			buildPhases = (
				9A6684DF2695D355003629C3 /* Sources */,
				9A6684E02695D355003629C3 /* Frameworks */,
				9A6684E12695D355003629C3 /* Resources */,
			);
			buildRules = (
			);
			dependencies = (
			);
			name = TeamWorkMap;
			productName = TeamWorkMap;
			productReference = 9A6684E32695D355003629C3 /* TeamWorkMap.app */;
			productType = "com.apple.product-type.application";
		};
/* End PBXNativeTarget section */

/* Begin PBXProject section */
		9A6684DB2695D355003629C3 /* Project object */ = {
			isa = PBXProject;
			attributes = {
				LastSwiftUpdateCheck = 1240;
				LastUpgradeCheck = 1240;
				TargetAttributes = {
					9A6684E22695D355003629C3 = {
						CreatedOnToolsVersion = 12.4;
					};
				};
			};
			buildConfigurationList = 9A6684DE2695D355003629C3 /* Build configuration list for PBXProject "TeamWorkMap" */;
			compatibilityVersion = "Xcode 9.3";
			developmentRegion = en;
			hasScannedForEncodings = 0;
			knownRegions = (
				en,
				Base,
			);
			mainGroup = 9A6684DA2695D355003629C3;
			productRefGroup = 9A6684E42695D355003629C3 /* Products */;
			projectDirPath = "";
			projectRoot = "";
			targets = (
				9A6684E22695D355003629C3 /* TeamWorkMap */,
			);
		};
/* End PBXProject section */

/* Begin PBXResourcesBuildPhase section */
		9A6684E12695D355003629C3 /* Resources */ = {
			isa = PBXResourcesBuildPhase;
			buildActionMask = 2147483647;
			files = (
				9A66853D269658A2003629C3 /* TabBarController.storyboard in Resources */,
				9A6684F62695D355003629C3 /* LaunchScreen.storyboard in Resources */,
				ABBBBC112696330A00341511 /* SelectedTableViewCell.xib in Resources */,
				9A6684F32695D355003629C3 /* Assets.xcassets in Resources */,
				ABBBBC0C269632F700341511 /* SelectedViewController.storyboard in Resources */,
				ABBBBC08269632C900341511 /* SelectedMapViewController.storyboard in Resources */,
				F180BFC52695FEAB002567DE /* UserLocationViewController.storyboard in Resources */,
			);
			runOnlyForDeploymentPostprocessing = 0;
		};
/* End PBXResourcesBuildPhase section */

/* Begin PBXSourcesBuildPhase section */
		9A6684DF2695D355003629C3 /* Sources */ = {
			isa = PBXSourcesBuildPhase;
			buildActionMask = 2147483647;
			files = (
				9A66854426965AA2003629C3 /* BaseViewController.swift in Sources */,
				ABBBBC122696330A00341511 /* SelectedTableViewCell.swift in Sources */,
				ABBBBC142696333600341511 /* UITableViewExtentions.swift in Sources */,
				9A66853526965643003629C3 /* CoordinatorProtocol.swift in Sources */,
				9A66853426965643003629C3 /* CoordinatorDelegate.swift in Sources */,
				9A6684E72695D355003629C3 /* AppDelegate.swift in Sources */,
				9A6684E92695D355003629C3 /* SceneDelegate.swift in Sources */,
				9A66853326965643003629C3 /* AppCoordinator.swift in Sources */,
				9A66853626965643003629C3 /* Storyboarded.swift in Sources */,
				ABBBBC07269632C900341511 /* SelectedMapViewController.swift in Sources */,
				9A668540269658EE003629C3 /* TabBarController.swift in Sources */,
				ABBBBC0D269632F700341511 /* SelectedViewController.swift in Sources */,
				F180BFC62695FEAB002567DE /* UserLocationViewController.swift in Sources */,
			);
			runOnlyForDeploymentPostprocessing = 0;
		};
/* End PBXSourcesBuildPhase section */

/* Begin PBXVariantGroup section */
		9A6684F42695D355003629C3 /* LaunchScreen.storyboard */ = {
			isa = PBXVariantGroup;
			children = (
				9A6684F52695D355003629C3 /* Base */,
			);
			name = LaunchScreen.storyboard;
			sourceTree = "<group>";
		};
/* End PBXVariantGroup section */

/* Begin XCBuildConfiguration section */
		9A6684F82695D355003629C3 /* Debug */ = {
			isa = XCBuildConfiguration;
			buildSettings = {
				ALWAYS_SEARCH_USER_PATHS = NO;
				CLANG_ANALYZER_NONNULL = YES;
				CLANG_ANALYZER_NUMBER_OBJECT_CONVERSION = YES_AGGRESSIVE;
				CLANG_CXX_LANGUAGE_STANDARD = "gnu++14";
				CLANG_CXX_LIBRARY = "libc++";
				CLANG_ENABLE_MODULES = YES;
				CLANG_ENABLE_OBJC_ARC = YES;
				CLANG_ENABLE_OBJC_WEAK = YES;
				CLANG_WARN_BLOCK_CAPTURE_AUTORELEASING = YES;
				CLANG_WARN_BOOL_CONVERSION = YES;
				CLANG_WARN_COMMA = YES;
				CLANG_WARN_CONSTANT_CONVERSION = YES;
				CLANG_WARN_DEPRECATED_OBJC_IMPLEMENTATIONS = YES;
				CLANG_WARN_DIRECT_OBJC_ISA_USAGE = YES_ERROR;
				CLANG_WARN_DOCUMENTATION_COMMENTS = YES;
				CLANG_WARN_EMPTY_BODY = YES;
				CLANG_WARN_ENUM_CONVERSION = YES;
				CLANG_WARN_INFINITE_RECURSION = YES;
				CLANG_WARN_INT_CONVERSION = YES;
				CLANG_WARN_NON_LITERAL_NULL_CONVERSION = YES;
				CLANG_WARN_OBJC_IMPLICIT_RETAIN_SELF = YES;
				CLANG_WARN_OBJC_LITERAL_CONVERSION = YES;
				CLANG_WARN_OBJC_ROOT_CLASS = YES_ERROR;
				CLANG_WARN_QUOTED_INCLUDE_IN_FRAMEWORK_HEADER = YES;
				CLANG_WARN_RANGE_LOOP_ANALYSIS = YES;
				CLANG_WARN_STRICT_PROTOTYPES = YES;
				CLANG_WARN_SUSPICIOUS_MOVE = YES;
				CLANG_WARN_UNGUARDED_AVAILABILITY = YES_AGGRESSIVE;
				CLANG_WARN_UNREACHABLE_CODE = YES;
				CLANG_WARN__DUPLICATE_METHOD_MATCH = YES;
				COPY_PHASE_STRIP = NO;
				DEBUG_INFORMATION_FORMAT = dwarf;
				ENABLE_STRICT_OBJC_MSGSEND = YES;
				ENABLE_TESTABILITY = YES;
				GCC_C_LANGUAGE_STANDARD = gnu11;
				GCC_DYNAMIC_NO_PIC = NO;
				GCC_NO_COMMON_BLOCKS = YES;
				GCC_OPTIMIZATION_LEVEL = 0;
				GCC_PREPROCESSOR_DEFINITIONS = (
					"DEBUG=1",
					"$(inherited)",
				);
				GCC_WARN_64_TO_32_BIT_CONVERSION = YES;
				GCC_WARN_ABOUT_RETURN_TYPE = YES_ERROR;
				GCC_WARN_UNDECLARED_SELECTOR = YES;
				GCC_WARN_UNINITIALIZED_AUTOS = YES_AGGRESSIVE;
				GCC_WARN_UNUSED_FUNCTION = YES;
				GCC_WARN_UNUSED_VARIABLE = YES;
				IPHONEOS_DEPLOYMENT_TARGET = 14.4;
				MTL_ENABLE_DEBUG_INFO = INCLUDE_SOURCE;
				MTL_FAST_MATH = YES;
				ONLY_ACTIVE_ARCH = YES;
				SDKROOT = iphoneos;
				SWIFT_ACTIVE_COMPILATION_CONDITIONS = DEBUG;
				SWIFT_OPTIMIZATION_LEVEL = "-Onone";
			};
			name = Debug;
		};
		9A6684F92695D355003629C3 /* Release */ = {
			isa = XCBuildConfiguration;
			buildSettings = {
				ALWAYS_SEARCH_USER_PATHS = NO;
				CLANG_ANALYZER_NONNULL = YES;
				CLANG_ANALYZER_NUMBER_OBJECT_CONVERSION = YES_AGGRESSIVE;
				CLANG_CXX_LANGUAGE_STANDARD = "gnu++14";
				CLANG_CXX_LIBRARY = "libc++";
				CLANG_ENABLE_MODULES = YES;
				CLANG_ENABLE_OBJC_ARC = YES;
				CLANG_ENABLE_OBJC_WEAK = YES;
				CLANG_WARN_BLOCK_CAPTURE_AUTORELEASING = YES;
				CLANG_WARN_BOOL_CONVERSION = YES;
				CLANG_WARN_COMMA = YES;
				CLANG_WARN_CONSTANT_CONVERSION = YES;
				CLANG_WARN_DEPRECATED_OBJC_IMPLEMENTATIONS = YES;
				CLANG_WARN_DIRECT_OBJC_ISA_USAGE = YES_ERROR;
				CLANG_WARN_DOCUMENTATION_COMMENTS = YES;
				CLANG_WARN_EMPTY_BODY = YES;
				CLANG_WARN_ENUM_CONVERSION = YES;
				CLANG_WARN_INFINITE_RECURSION = YES;
				CLANG_WARN_INT_CONVERSION = YES;
				CLANG_WARN_NON_LITERAL_NULL_CONVERSION = YES;
				CLANG_WARN_OBJC_IMPLICIT_RETAIN_SELF = YES;
				CLANG_WARN_OBJC_LITERAL_CONVERSION = YES;
				CLANG_WARN_OBJC_ROOT_CLASS = YES_ERROR;
				CLANG_WARN_QUOTED_INCLUDE_IN_FRAMEWORK_HEADER = YES;
				CLANG_WARN_RANGE_LOOP_ANALYSIS = YES;
				CLANG_WARN_STRICT_PROTOTYPES = YES;
				CLANG_WARN_SUSPICIOUS_MOVE = YES;
				CLANG_WARN_UNGUARDED_AVAILABILITY = YES_AGGRESSIVE;
				CLANG_WARN_UNREACHABLE_CODE = YES;
				CLANG_WARN__DUPLICATE_METHOD_MATCH = YES;
				COPY_PHASE_STRIP = NO;
				DEBUG_INFORMATION_FORMAT = "dwarf-with-dsym";
				ENABLE_NS_ASSERTIONS = NO;
				ENABLE_STRICT_OBJC_MSGSEND = YES;
				GCC_C_LANGUAGE_STANDARD = gnu11;
				GCC_NO_COMMON_BLOCKS = YES;
				GCC_WARN_64_TO_32_BIT_CONVERSION = YES;
				GCC_WARN_ABOUT_RETURN_TYPE = YES_ERROR;
				GCC_WARN_UNDECLARED_SELECTOR = YES;
				GCC_WARN_UNINITIALIZED_AUTOS = YES_AGGRESSIVE;
				GCC_WARN_UNUSED_FUNCTION = YES;
				GCC_WARN_UNUSED_VARIABLE = YES;
				IPHONEOS_DEPLOYMENT_TARGET = 14.4;
				MTL_ENABLE_DEBUG_INFO = NO;
				MTL_FAST_MATH = YES;
				SDKROOT = iphoneos;
				SWIFT_COMPILATION_MODE = wholemodule;
				SWIFT_OPTIMIZATION_LEVEL = "-O";
				VALIDATE_PRODUCT = YES;
			};
			name = Release;
		};
		9A6684FB2695D355003629C3 /* Debug */ = {
			isa = XCBuildConfiguration;
			buildSettings = {
				ASSETCATALOG_COMPILER_APPICON_NAME = AppIcon;
				ASSETCATALOG_COMPILER_GLOBAL_ACCENT_COLOR_NAME = AccentColor;
				CODE_SIGN_STYLE = Automatic;
				INFOPLIST_FILE = TeamWorkMap/Info.plist;
				LD_RUNPATH_SEARCH_PATHS = (
					"$(inherited)",
					"@executable_path/Frameworks",
				);
				PRODUCT_BUNDLE_IDENTIFIER = TBCItAcademy.TeamWorkMap;
				PRODUCT_NAME = "$(TARGET_NAME)";
				SWIFT_VERSION = 5.0;
				TARGETED_DEVICE_FAMILY = "1,2";
			};
			name = Debug;
		};
		9A6684FC2695D355003629C3 /* Release */ = {
			isa = XCBuildConfiguration;
			buildSettings = {
				ASSETCATALOG_COMPILER_APPICON_NAME = AppIcon;
				ASSETCATALOG_COMPILER_GLOBAL_ACCENT_COLOR_NAME = AccentColor;
				CODE_SIGN_STYLE = Automatic;
				INFOPLIST_FILE = TeamWorkMap/Info.plist;
				LD_RUNPATH_SEARCH_PATHS = (
					"$(inherited)",
					"@executable_path/Frameworks",
				);
				PRODUCT_BUNDLE_IDENTIFIER = TBCItAcademy.TeamWorkMap;
				PRODUCT_NAME = "$(TARGET_NAME)";
				SWIFT_VERSION = 5.0;
				TARGETED_DEVICE_FAMILY = "1,2";
			};
			name = Release;
		};
/* End XCBuildConfiguration section */

/* Begin XCConfigurationList section */
		9A6684DE2695D355003629C3 /* Build configuration list for PBXProject "TeamWorkMap" */ = {
			isa = XCConfigurationList;
			buildConfigurations = (
				9A6684F82695D355003629C3 /* Debug */,
				9A6684F92695D355003629C3 /* Release */,
			);
			defaultConfigurationIsVisible = 0;
			defaultConfigurationName = Release;
		};
		9A6684FA2695D355003629C3 /* Build configuration list for PBXNativeTarget "TeamWorkMap" */ = {
			isa = XCConfigurationList;
			buildConfigurations = (
				9A6684FB2695D355003629C3 /* Debug */,
				9A6684FC2695D355003629C3 /* Release */,
			);
			defaultConfigurationIsVisible = 0;
			defaultConfigurationName = Release;
		};
/* End XCConfigurationList section */
	};
	rootObject = 9A6684DB2695D355003629C3 /* Project object */;
}
